// !$*UTF8*$!
{
	archiveVersion = 1;
	classes = {
	};
	objectVersion = 46;
	objects = {

/* Begin PBXBuildFile section */
		3E6F8A251BF4309D00AA2EB7 /* AppDelegate.swift in Sources */ = {isa = PBXBuildFile; fileRef = 3E6F8A241BF4309D00AA2EB7 /* AppDelegate.swift */; };
		3E6F8A271BF4309D00AA2EB7 /* ViewController.swift in Sources */ = {isa = PBXBuildFile; fileRef = 3E6F8A261BF4309D00AA2EB7 /* ViewController.swift */; };
		3E6F8A2A1BF4309D00AA2EB7 /* Main.storyboard in Resources */ = {isa = PBXBuildFile; fileRef = 3E6F8A281BF4309D00AA2EB7 /* Main.storyboard */; };
		3E6F8A2C1BF4309D00AA2EB7 /* Assets.xcassets in Resources */ = {isa = PBXBuildFile; fileRef = 3E6F8A2B1BF4309D00AA2EB7 /* Assets.xcassets */; };
		3E6F8A2F1BF4309D00AA2EB7 /* LaunchScreen.storyboard in Resources */ = {isa = PBXBuildFile; fileRef = 3E6F8A2D1BF4309D00AA2EB7 /* LaunchScreen.storyboard */; };
		3E6F8A371BF433E700AA2EB7 /* UserInfoManagerCenter.swift in Sources */ = {isa = PBXBuildFile; fileRef = 3E6F8A361BF433E700AA2EB7 /* UserInfoManagerCenter.swift */; };
/* End PBXBuildFile section */

/* Begin PBXFileReference section */
		3E6F8A211BF4309D00AA2EB7 /* Singleton.app */ = {isa = PBXFileReference; explicitFileType = wrapper.application; includeInIndex = 0; path = Singleton.app; sourceTree = BUILT_PRODUCTS_DIR; };
		3E6F8A241BF4309D00AA2EB7 /* AppDelegate.swift */ = {isa = PBXFileReference; lastKnownFileType = sourcecode.swift; path = AppDelegate.swift; sourceTree = "<group>"; };
		3E6F8A261BF4309D00AA2EB7 /* ViewController.swift */ = {isa = PBXFileReference; lastKnownFileType = sourcecode.swift; path = ViewController.swift; sourceTree = "<group>"; };
		3E6F8A291BF4309D00AA2EB7 /* Base */ = {isa = PBXFileReference; lastKnownFileType = file.storyboard; name = Base; path = Base.lproj/Main.storyboard; sourceTree = "<group>"; };
		3E6F8A2B1BF4309D00AA2EB7 /* Assets.xcassets */ = {isa = PBXFileReference; lastKnownFileType = folder.assetcatalog; path = Assets.xcassets; sourceTree = "<group>"; };
		3E6F8A2E1BF4309D00AA2EB7 /* Base */ = {isa = PBXFileReference; lastKnownFileType = file.storyboard; name = Base; path = Base.lproj/LaunchScreen.storyboard; sourceTree = "<group>"; };
		3E6F8A301BF4309D00AA2EB7 /* Info.plist */ = {isa = PBXFileReference; lastKnownFileType = text.plist.xml; path = Info.plist; sourceTree = "<group>"; };
		3E6F8A361BF433E700AA2EB7 /* UserInfoManagerCenter.swift */ = {isa = PBXFileReference; fileEncoding = 4; lastKnownFileType = sourcecode.swift; path = UserInfoManagerCenter.swift; sourceTree = "<group>"; };
/* End PBXFileReference section */

/* Begin PBXFrameworksBuildPhase section */
		3E6F8A1E1BF4309D00AA2EB7 /* Frameworks */ = {
			isa = PBXFrameworksBuildPhase;
			buildActionMask = 2147483647;
			files = (
			);
			runOnlyForDeploymentPostprocessing = 0;
		};
/* End PBXFrameworksBuildPhase section */

/* Begin PBXGroup section */
		3E6F8A181BF4309D00AA2EB7 = {
			isa = PBXGroup;
			children = (
				3E6F8A231BF4309D00AA2EB7 /* Singleton */,
				3E6F8A221BF4309D00AA2EB7 /* Products */,
			);
			sourceTree = "<group>";
		};
		3E6F8A221BF4309D00AA2EB7 /* Products */ = {
			isa = PBXGroup;
			children = (
				3E6F8A211BF4309D00AA2EB7 /* Singleton.app */,
			);
			name = Products;
			sourceTree = "<group>";
		};
		3E6F8A231BF4309D00AA2EB7 /* Singleton */ = {
			isa = PBXGroup;
			children = (
				3E6F8A241BF4309D00AA2EB7 /* AppDelegate.swift */,
				3E6F8A261BF4309D00AA2EB7 /* ViewController.swift */,
				3E6F8A281BF4309D00AA2EB7 /* Main.storyboard */,
				3E6F8A2B1BF4309D00AA2EB7 /* Assets.xcassets */,
				3E6F8A2D1BF4309D00AA2EB7 /* LaunchScreen.storyboard */,
				3E6F8A301BF4309D00AA2EB7 /* Info.plist */,
				3E6F8A361BF433E700AA2EB7 /* UserInfoManagerCenter.swift */,
			);
			path = Singleton;
			sourceTree = "<group>";
		};
/* End PBXGroup section */

/* Begin PBXNativeTarget section */
		3E6F8A201BF4309D00AA2EB7 /* Singleton */ = {
			isa = PBXNativeTarget;
			buildConfigurationList = 3E6F8A331BF4309D00AA2EB7 /* Build configuration list for PBXNativeTarget "Singleton" */;
			buildPhases = (
				3E6F8A1D1BF4309D00AA2EB7 /* Sources */,
				3E6F8A1E1BF4309D00AA2EB7 /* Frameworks */,
				3E6F8A1F1BF4309D00AA2EB7 /* Resources */,
			);
			buildRules = (
			);
			dependencies = (
			);
			name = Singleton;
			productName = Singleton;
			productReference = 3E6F8A211BF4309D00AA2EB7 /* Singleton.app */;
			productType = "com.apple.product-type.application";
		};
/* End PBXNativeTarget section */

/* Begin PBXProject section */
		3E6F8A191BF4309D00AA2EB7 /* Project object */ = {
			isa = PBXProject;
			attributes = {
				LastSwiftUpdateCheck = 0710;
				LastUpgradeCheck = 0710;
				ORGANIZATIONNAME = Deki;
				TargetAttributes = {
					3E6F8A201BF4309D00AA2EB7 = {
						CreatedOnToolsVersion = 7.1;
						DevelopmentTeam = FR6V264YQD;
					};
				};
			};
			buildConfigurationList = 3E6F8A1C1BF4309D00AA2EB7 /* Build configuration list for PBXProject "Singleton" */;
			compatibilityVersion = "Xcode 3.2";
			developmentRegion = English;
			hasScannedForEncodings = 0;
			knownRegions = (
				en,
				Base,
			);
			mainGroup = 3E6F8A181BF4309D00AA2EB7;
			productRefGroup = 3E6F8A221BF4309D00AA2EB7 /* Products */;
			projectDirPath = "";
			projectRoot = "";
			targets = (
				3E6F8A201BF4309D00AA2EB7 /* Singleton */,
			);
		};
/* End PBXProject section */

/* Begin PBXResourcesBuildPhase section */
		3E6F8A1F1BF4309D00AA2EB7 /* Resources */ = {
			isa = PBXResourcesBuildPhase;
			buildActionMask = 2147483647;
			files = (
				3E6F8A2F1BF4309D00AA2EB7 /* LaunchScreen.storyboard in Resources */,
				3E6F8A2C1BF4309D00AA2EB7 /* Assets.xcassets in Resources */,
				3E6F8A2A1BF4309D00AA2EB7 /* Main.storyboard in Resources */,
			);
			runOnlyForDeploymentPostprocessing = 0;
		};
/* End PBXResourcesBuildPhase section */

/* Begin PBXSourcesBuildPhase section */
		3E6F8A1D1BF4309D00AA2EB7 /* Sources */ = {
			isa = PBXSourcesBuildPhase;
			buildActionMask = 2147483647;
			files = (
				3E6F8A271BF4309D00AA2EB7 /* ViewController.swift in Sources */,
				3E6F8A371BF433E700AA2EB7 /* UserInfoManagerCenter.swift in Sources */,
				3E6F8A251BF4309D00AA2EB7 /* AppDelegate.swift in Sources */,
			);
			runOnlyForDeploymentPostprocessing = 0;
		};
/* End PBXSourcesBuildPhase section */

/* Begin PBXVariantGroup section */
		3E6F8A281BF4309D00AA2EB7 /* Main.storyboard */ = {
			isa = PBXVariantGroup;
			children = (
				3E6F8A291BF4309D00AA2EB7 /* Base */,
			);
			name = Main.storyboard;
			sourceTree = "<group>";
		};
		3E6F8A2D1BF4309D00AA2EB7 /* LaunchScreen.storyboard */ = {
			isa = PBXVariantGroup;
			children = (
				3E6F8A2E1BF4309D00AA2EB7 /* Base */,
			);
			name = LaunchScreen.storyboard;
			sourceTree = "<group>";
		};
/* End PBXVariantGroup section */

/* Begin XCBuildConfiguration section */
		3E6F8A311BF4309D00AA2EB7 /* Debug */ = {
			isa = XCBuildConfiguration;
			buildSettings = {
				ALWAYS_SEARCH_USER_PATHS = NO;
				CLANG_CXX_LANGUAGE_STANDARD = "gnu++0x";
				CLANG_CXX_LIBRARY = "libc++";
				CLANG_ENABLE_MODULES = YES;
				CLANG_ENABLE_OBJC_ARC = YES;
				CLANG_WARN_BOOL_CONVERSION = YES;
				CLANG_WARN_CONSTANT_CONVERSION = YES;
				CLANG_WARN_DIRECT_OBJC_ISA_USAGE = YES_ERROR;
				CLANG_WARN_EMPTY_BODY = YES;
				CLANG_WARN_ENUM_CONVERSION = YES;
				CLANG_WARN_INT_CONVERSION = YES;
				CLANG_WARN_OBJC_ROOT_CLASS = YES_ERROR;
				CLANG_WARN_UNREACHABLE_CODE = YES;
				CLANG_WARN__DUPLICATE_METHOD_MATCH = YES;
				"CODE_SIGN_IDENTITY[sdk=iphoneos*]" = "iPhone Developer";
				COPY_PHASE_STRIP = NO;
				DEBUG_INFORMATION_FORMAT = dwarf;
				ENABLE_STRICT_OBJC_MSGSEND = YES;
				ENABLE_TESTABILITY = YES;
				GCC_C_LANGUAGE_STANDARD = gnu99;
				GCC_DYNAMIC_NO_PIC = NO;
				GCC_NO_COMMON_BLOCKS = YES;
				GCC_OPTIMIZATION_LEVEL = 0;
				GCC_PREPROCESSOR_DEFINITIONS = (
					"DEBUG=1",
					"$(inherited)",
				);
				GCC_WARN_64_TO_32_BIT_CONVERSION = YES;
				GCC_WARN_ABOUT_RETURN_TYPE = YES_ERROR;
				GCC_WARN_UNDECLARED_SELECTOR = YES;
				GCC_WARN_UNINITIALIZED_AUTOS = YES_AGGRESSIVE;
				GCC_WARN_UNUSED_FUNCTION = YES;
				GCC_WARN_UNUSED_VARIABLE = YES;
				IPHONEOS_DEPLOYMENT_TARGET = 9.1;
				MTL_ENABLE_DEBUG_INFO = YES;
				ONLY_ACTIVE_ARCH = YES;
				SDKROOT = iphoneos;
				SWIFT_OPTIMIZATION_LEVEL = "-Onone";
			};
			name = Debug;
		};
		3E6F8A321BF4309D00AA2EB7 /* Release */ = {
			isa = XCBuildConfiguration;
			buildSettings = {
				ALWAYS_SEARCH_USER_PATHS = NO;
				CLANG_CXX_LANGUAGE_STANDARD = "gnu++0x";
				CLANG_CXX_LIBRARY = "libc++";
				CLANG_ENABLE_MODULES = YES;
				CLANG_ENABLE_OBJC_ARC = YES;
				CLANG_WARN_BOOL_CONVERSION = YES;
				CLANG_WARN_CONSTANT_CONVERSION = YES;
				CLANG_WARN_DIRECT_OBJC_ISA_USAGE = YES_ERROR;
				CLANG_WARN_EMPTY_BODY = YES;
				CLANG_WARN_ENUM_CONVERSION = YES;
				CLANG_WARN_INT_CONVERSION = YES;
				CLANG_WARN_OBJC_ROOT_CLASS = YES_ERROR;
				CLANG_WARN_UNREACHABLE_CODE = YES;
				CLANG_WARN__DUPLICATE_METHOD_MATCH = YES;
				"CODE_SIGN_IDENTITY[sdk=iphoneos*]" = "iPhone Developer";
				COPY_PHASE_STRIP = NO;
				DEBUG_INFORMATION_FORMAT = "dwarf-with-dsym";
				ENABLE_NS_ASSERTIONS = NO;
				ENABLE_STRICT_OBJC_MSGSEND = YES;
				GCC_C_LANGUAGE_STANDARD = gnu99;
				GCC_NO_COMMON_BLOCKS = YES;
				GCC_WARN_64_TO_32_BIT_CONVERSION = YES;
				GCC_WARN_ABOUT_RETURN_TYPE = YES_ERROR;
				GCC_WARN_UNDECLARED_SELECTOR = YES;
				GCC_WARN_UNINITIALIZED_AUTOS = YES_AGGRESSIVE;
				GCC_WARN_UNUSED_FUNCTION = YES;
				GCC_WARN_UNUSED_VARIABLE = YES;
				IPHONEOS_DEPLOYMENT_TARGET = 9.1;
				MTL_ENABLE_DEBUG_INFO = NO;
				SDKROOT = iphoneos;
				VALIDATE_PRODUCT = YES;
			};
			name = Release;
		};
		3E6F8A341BF4309D00AA2EB7 /* Debug */ = {
			isa = XCBuildConfiguration;
			buildSettings = {
				ASSETCATALOG_COMPILER_APPICON_NAME = AppIcon;
				INFOPLIST_FILE = Singleton/Info.plist;
				LD_RUNPATH_SEARCH_PATHS = "$(inherited) @executable_path/Frameworks";
				PRODUCT_BUNDLE_IDENTIFIER = com.neu.Singleton;
				PRODUCT_NAME = "$(TARGET_NAME)";
			};
			name = Debug;
		};
		3E6F8A351BF4309D00AA2EB7 /* Release */ = {
			isa = XCBuildConfiguration;
			buildSettings = {
				ASSETCATALOG_COMPILER_APPICON_NAME = AppIcon;
				INFOPLIST_FILE = Singleton/Info.plist;
				LD_RUNPATH_SEARCH_PATHS = "$(inherited) @executable_path/Frameworks";
				PRODUCT_BUNDLE_IDENTIFIER = com.neu.Singleton;
				PRODUCT_NAME = "$(TARGET_NAME)";
			};
			name = Release;
		};
/* End XCBuildConfiguration section */

/* Begin XCConfigurationList section */
		3E6F8A1C1BF4309D00AA2EB7 /* Build configuration list for PBXProject "Singleton" */ = {
			isa = XCConfigurationList;
			buildConfigurations = (
				3E6F8A311BF4309D00AA2EB7 /* Debug */,
				3E6F8A321BF4309D00AA2EB7 /* Release */,
			);
			defaultConfigurationIsVisible = 0;
			defaultConfigurationName = Release;
		};
		3E6F8A331BF4309D00AA2EB7 /* Build configuration list for PBXNativeTarget "Singleton" */ = {
			isa = XCConfigurationList;
			buildConfigurations = (
				3E6F8A341BF4309D00AA2EB7 /* Debug */,
				3E6F8A351BF4309D00AA2EB7 /* Release */,
			);
			defaultConfigurationIsVisible = 0;
		};
/* End XCConfigurationList section */
	};
	rootObject = 3E6F8A191BF4309D00AA2EB7 /* Project object */;
}
